
Microsoft Visual Studio Solution File, Format Version 12.00
# Visual Studio 15
VisualStudioVersion = 15.0.28307.136
MinimumVisualStudioVersion = 10.0.40219.1
Project("{FAE04EC0-301F-11D3-BF4B-00C04F79EFBC}") = "OneTimePad", "OneTimePad\OneTimePad.csproj", "{3D6265FB-E638-4EDF-8744-41E65C3F5F8E}"
EndProject
Project("{FAE04EC0-301F-11D3-BF4B-00C04F79EFBC}") = "OntTimePad.Lib", "OntTimePad.Utils\OntTimePad.Lib.csproj", "{8A4BFC90-C876-4538-8FF4-591985515FAD}"
EndProject
Project("{FAE04EC0-301F-11D3-BF4B-00C04F79EFBC}") = "OneTimePad.Tests", "OneTimePad.Tests\OneTimePad.Tests.csproj", "{20A12714-8BF5-4295-B7A0-C9ED8E62D470}"
EndProject
Global
	GlobalSection(SolutionConfigurationPlatforms) = preSolution
		Debug|Any CPU = Debug|Any CPU
		Release|Any CPU = Release|Any CPU
	EndGlobalSection
	GlobalSection(ProjectConfigurationPlatforms) = postSolution
		{3D6265FB-E638-4EDF-8744-41E65C3F5F8E}.Debug|Any CPU.ActiveCfg = Debug|Any CPU
		{3D6265FB-E638-4EDF-8744-41E65C3F5F8E}.Debug|Any CPU.Build.0 = Debug|Any CPU
		{3D6265FB-E638-4EDF-8744-41E65C3F5F8E}.Release|Any CPU.ActiveCfg = Release|Any CPU
		{3D6265FB-E638-4EDF-8744-41E65C3F5F8E}.Release|Any CPU.Build.0 = Release|Any CPU
		{8A4BFC90-C876-4538-8FF4-591985515FAD}.Debug|Any CPU.ActiveCfg = Debug|Any CPU
		{8A4BFC90-C876-4538-8FF4-591985515FAD}.Debug|Any CPU.Build.0 = Debug|Any CPU
		{8A4BFC90-C876-4538-8FF4-591985515FAD}.Release|Any CPU.ActiveCfg = Release|Any CPU
		{8A4BFC90-C876-4538-8FF4-591985515FAD}.Release|Any CPU.Build.0 = Release|Any CPU
		{20A12714-8BF5-4295-B7A0-C9ED8E62D470}.Debug|Any CPU.ActiveCfg = Debug|Any CPU
		{20A12714-8BF5-4295-B7A0-C9ED8E62D470}.Debug|Any CPU.Build.0 = Debug|Any CPU
		{20A12714-8BF5-4295-B7A0-C9ED8E62D470}.Release|Any CPU.ActiveCfg = Release|Any CPU
		{20A12714-8BF5-4295-B7A0-C9ED8E62D470}.Release|Any CPU.Build.0 = Release|Any CPU
	EndGlobalSection
	GlobalSection(SolutionProperties) = preSolution
		HideSolutionNode = FALSE
	EndGlobalSection
	GlobalSection(ExtensibilityGlobals) = postSolution
		SolutionGuid = {02AD5008-AF49-4872-A23B-61672F415396}
	EndGlobalSection
EndGlobal
